// !$*UTF8*$!
{
	archiveVersion = 1;
	classes = {
	};
	objectVersion = 50;
	objects = {

/* Begin PBXBuildFile section */
		DA89353124D1475600762945 /* AppDelegate.swift in Sources */ = {isa = PBXBuildFile; fileRef = DA89353024D1475600762945 /* AppDelegate.swift */; };
		DA89353324D1475600762945 /* SceneDelegate.swift in Sources */ = {isa = PBXBuildFile; fileRef = DA89353224D1475600762945 /* SceneDelegate.swift */; };
		DA89353524D1475600762945 /* ViewController.swift in Sources */ = {isa = PBXBuildFile; fileRef = DA89353424D1475600762945 /* ViewController.swift */; };
		DA89353824D1475600762945 /* Main.storyboard in Resources */ = {isa = PBXBuildFile; fileRef = DA89353624D1475600762945 /* Main.storyboard */; };
		DA89353B24D1475600762945 /* UibezierPath.xcdatamodeld in Sources */ = {isa = PBXBuildFile; fileRef = DA89353924D1475600762945 /* UibezierPath.xcdatamodeld */; };
		DA89353D24D1475800762945 /* Assets.xcassets in Resources */ = {isa = PBXBuildFile; fileRef = DA89353C24D1475800762945 /* Assets.xcassets */; };
		DA89354024D1475800762945 /* LaunchScreen.storyboard in Resources */ = {isa = PBXBuildFile; fileRef = DA89353E24D1475800762945 /* LaunchScreen.storyboard */; };
		DA89354824D1492100762945 /* Demo.swift in Sources */ = {isa = PBXBuildFile; fileRef = DA89354724D1492100762945 /* Demo.swift */; };
/* End PBXBuildFile section */

/* Begin PBXFileReference section */
		DA89352D24D1475600762945 /* UibezierPath.app */ = {isa = PBXFileReference; explicitFileType = wrapper.application; includeInIndex = 0; path = UibezierPath.app; sourceTree = BUILT_PRODUCTS_DIR; };
		DA89353024D1475600762945 /* AppDelegate.swift */ = {isa = PBXFileReference; lastKnownFileType = sourcecode.swift; path = AppDelegate.swift; sourceTree = "<group>"; };
		DA89353224D1475600762945 /* SceneDelegate.swift */ = {isa = PBXFileReference; lastKnownFileType = sourcecode.swift; path = SceneDelegate.swift; sourceTree = "<group>"; };
		DA89353424D1475600762945 /* ViewController.swift */ = {isa = PBXFileReference; lastKnownFileType = sourcecode.swift; path = ViewController.swift; sourceTree = "<group>"; };
		DA89353724D1475600762945 /* Base */ = {isa = PBXFileReference; lastKnownFileType = file.storyboard; name = Base; path = Base.lproj/Main.storyboard; sourceTree = "<group>"; };
		DA89353A24D1475600762945 /* UibezierPath.xcdatamodel */ = {isa = PBXFileReference; lastKnownFileType = wrapper.xcdatamodel; path = UibezierPath.xcdatamodel; sourceTree = "<group>"; };
		DA89353C24D1475800762945 /* Assets.xcassets */ = {isa = PBXFileReference; lastKnownFileType = folder.assetcatalog; path = Assets.xcassets; sourceTree = "<group>"; };
		DA89353F24D1475800762945 /* Base */ = {isa = PBXFileReference; lastKnownFileType = file.storyboard; name = Base; path = Base.lproj/LaunchScreen.storyboard; sourceTree = "<group>"; };
		DA89354124D1475800762945 /* Info.plist */ = {isa = PBXFileReference; lastKnownFileType = text.plist.xml; path = Info.plist; sourceTree = "<group>"; };
		DA89354724D1492100762945 /* Demo.swift */ = {isa = PBXFileReference; lastKnownFileType = sourcecode.swift; path = Demo.swift; sourceTree = "<group>"; };
/* End PBXFileReference section */

/* Begin PBXFrameworksBuildPhase section */
		DA89352A24D1475600762945 /* Frameworks */ = {
			isa = PBXFrameworksBuildPhase;
			buildActionMask = 2147483647;
			files = (
			);
			runOnlyForDeploymentPostprocessing = 0;
		};
/* End PBXFrameworksBuildPhase section */

/* Begin PBXGroup section */
		DA89352424D1475600762945 = {
			isa = PBXGroup;
			children = (
				DA89352F24D1475600762945 /* UibezierPath */,
				DA89352E24D1475600762945 /* Products */,
			);
			sourceTree = "<group>";
		};
		DA89352E24D1475600762945 /* Products */ = {
			isa = PBXGroup;
			children = (
				DA89352D24D1475600762945 /* UibezierPath.app */,
			);
			name = Products;
			sourceTree = "<group>";
		};
		DA89352F24D1475600762945 /* UibezierPath */ = {
			isa = PBXGroup;
			children = (
				DA89353024D1475600762945 /* AppDelegate.swift */,
				DA89353224D1475600762945 /* SceneDelegate.swift */,
				DA89353424D1475600762945 /* ViewController.swift */,
				DA89354724D1492100762945 /* Demo.swift */,
				DA89353624D1475600762945 /* Main.storyboard */,
				DA89353C24D1475800762945 /* Assets.xcassets */,
				DA89353E24D1475800762945 /* LaunchScreen.storyboard */,
				DA89354124D1475800762945 /* Info.plist */,
				DA89353924D1475600762945 /* UibezierPath.xcdatamodeld */,
			);
			path = UibezierPath;
			sourceTree = "<group>";
		};
/* End PBXGroup section */

/* Begin PBXNativeTarget section */
		DA89352C24D1475600762945 /* UibezierPath */ = {
			isa = PBXNativeTarget;
			buildConfigurationList = DA89354424D1475800762945 /* Build configuration list for PBXNativeTarget "UibezierPath" */;
			buildPhases = (
				DA89352924D1475600762945 /* Sources */,
				DA89352A24D1475600762945 /* Frameworks */,
				DA89352B24D1475600762945 /* Resources */,
			);
			buildRules = (
			);
			dependencies = (
			);
			name = UibezierPath;
			productName = UibezierPath;
			productReference = DA89352D24D1475600762945 /* UibezierPath.app */;
			productType = "com.apple.product-type.application";
		};
/* End PBXNativeTarget section */

/* Begin PBXProject section */
		DA89352524D1475600762945 /* Project object */ = {
			isa = PBXProject;
			attributes = {
				LastSwiftUpdateCheck = 1160;
				LastUpgradeCheck = 1160;
				ORGANIZATIONNAME = Hovo;
				TargetAttributes = {
					DA89352C24D1475600762945 = {
						CreatedOnToolsVersion = 11.6;
					};
				};
			};
			buildConfigurationList = DA89352824D1475600762945 /* Build configuration list for PBXProject "UibezierPath" */;
			compatibilityVersion = "Xcode 9.3";
			developmentRegion = en;
			hasScannedForEncodings = 0;
			knownRegions = (
				en,
				Base,
			);
			mainGroup = DA89352424D1475600762945;
			productRefGroup = DA89352E24D1475600762945 /* Products */;
			projectDirPath = "";
			projectRoot = "";
			targets = (
				DA89352C24D1475600762945 /* UibezierPath */,
			);
		};
/* End PBXProject section */

/* Begin PBXResourcesBuildPhase section */
		DA89352B24D1475600762945 /* Resources */ = {
			isa = PBXResourcesBuildPhase;
			buildActionMask = 2147483647;
			files = (
				DA89354024D1475800762945 /* LaunchScreen.storyboard in Resources */,
				DA89353D24D1475800762945 /* Assets.xcassets in Resources */,
				DA89353824D1475600762945 /* Main.storyboard in Resources */,
			);
			runOnlyForDeploymentPostprocessing = 0;
		};
/* End PBXResourcesBuildPhase section */

/* Begin PBXSourcesBuildPhase section */
		DA89352924D1475600762945 /* Sources */ = {
			isa = PBXSourcesBuildPhase;
			buildActionMask = 2147483647;
			files = (
				DA89353524D1475600762945 /* ViewController.swift in Sources */,
				DA89354824D1492100762945 /* Demo.swift in Sources */,
				DA89353B24D1475600762945 /* UibezierPath.xcdatamodeld in Sources */,
				DA89353124D1475600762945 /* AppDelegate.swift in Sources */,
				DA89353324D1475600762945 /* SceneDelegate.swift in Sources */,
			);
			runOnlyForDeploymentPostprocessing = 0;
		};
/* End PBXSourcesBuildPhase section */

/* Begin PBXVariantGroup section */
		DA89353624D1475600762945 /* Main.storyboard */ = {
			isa = PBXVariantGroup;
			children = (
				DA89353724D1475600762945 /* Base */,
			);
			name = Main.storyboard;
			sourceTree = "<group>";
		};
		DA89353E24D1475800762945 /* LaunchScreen.storyboard */ = {
			isa = PBXVariantGroup;
			children = (
				DA89353F24D1475800762945 /* Base */,
			);
			name = LaunchScreen.storyboard;
			sourceTree = "<group>";
		};
/* End PBXVariantGroup section */

/* Begin XCBuildConfiguration section */
		DA89354224D1475800762945 /* Debug */ = {
			isa = XCBuildConfiguration;
			buildSettings = {
				ALWAYS_SEARCH_USER_PATHS = NO;
				CLANG_ANALYZER_NONNULL = YES;
				CLANG_ANALYZER_NUMBER_OBJECT_CONVERSION = YES_AGGRESSIVE;
				CLANG_CXX_LANGUAGE_STANDARD = "gnu++14";
				CLANG_CXX_LIBRARY = "libc++";
				CLANG_ENABLE_MODULES = YES;
				CLANG_ENABLE_OBJC_ARC = YES;
				CLANG_ENABLE_OBJC_WEAK = YES;
				CLANG_WARN_BLOCK_CAPTURE_AUTORELEASING = YES;
				CLANG_WARN_BOOL_CONVERSION = YES;
				CLANG_WARN_COMMA = YES;
				CLANG_WARN_CONSTANT_CONVERSION = YES;
				CLANG_WARN_DEPRECATED_OBJC_IMPLEMENTATIONS = YES;
				CLANG_WARN_DIRECT_OBJC_ISA_USAGE = YES_ERROR;
				CLANG_WARN_DOCUMENTATION_COMMENTS = YES;
				CLANG_WARN_EMPTY_BODY = YES;
				CLANG_WARN_ENUM_CONVERSION = YES;
				CLANG_WARN_INFINITE_RECURSION = YES;
				CLANG_WARN_INT_CONVERSION = YES;
				CLANG_WARN_NON_LITERAL_NULL_CONVERSION = YES;
				CLANG_WARN_OBJC_IMPLICIT_RETAIN_SELF = YES;
				CLANG_WARN_OBJC_LITERAL_CONVERSION = YES;
				CLANG_WARN_OBJC_ROOT_CLASS = YES_ERROR;
				CLANG_WARN_RANGE_LOOP_ANALYSIS = YES;
				CLANG_WARN_STRICT_PROTOTYPES = YES;
				CLANG_WARN_SUSPICIOUS_MOVE = YES;
				CLANG_WARN_UNGUARDED_AVAILABILITY = YES_AGGRESSIVE;
				CLANG_WARN_UNREACHABLE_CODE = YES;
				CLANG_WARN__DUPLICATE_METHOD_MATCH = YES;
				COPY_PHASE_STRIP = NO;
				DEBUG_INFORMATION_FORMAT = dwarf;
				ENABLE_STRICT_OBJC_MSGSEND = YES;
				ENABLE_TESTABILITY = YES;
				GCC_C_LANGUAGE_STANDARD = gnu11;
				GCC_DYNAMIC_NO_PIC = NO;
				GCC_NO_COMMON_BLOCKS = YES;
				GCC_OPTIMIZATION_LEVEL = 0;
				GCC_PREPROCESSOR_DEFINITIONS = (
					"DEBUG=1",
					"$(inherited)",
				);
				GCC_WARN_64_TO_32_BIT_CONVERSION = YES;
				GCC_WARN_ABOUT_RETURN_TYPE = YES_ERROR;
				GCC_WARN_UNDECLARED_SELECTOR = YES;
				GCC_WARN_UNINITIALIZED_AUTOS = YES_AGGRESSIVE;
				GCC_WARN_UNUSED_FUNCTION = YES;
				GCC_WARN_UNUSED_VARIABLE = YES;
				IPHONEOS_DEPLOYMENT_TARGET = 13.6;
				MTL_ENABLE_DEBUG_INFO = INCLUDE_SOURCE;
				MTL_FAST_MATH = YES;
				ONLY_ACTIVE_ARCH = YES;
				SDKROOT = iphoneos;
				SWIFT_ACTIVE_COMPILATION_CONDITIONS = DEBUG;
				SWIFT_OPTIMIZATION_LEVEL = "-Onone";
			};
			name = Debug;
		};
		DA89354324D1475800762945 /* Release */ = {
			isa = XCBuildConfiguration;
			buildSettings = {
				ALWAYS_SEARCH_USER_PATHS = NO;
				CLANG_ANALYZER_NONNULL = YES;
				CLANG_ANALYZER_NUMBER_OBJECT_CONVERSION = YES_AGGRESSIVE;
				CLANG_CXX_LANGUAGE_STANDARD = "gnu++14";
				CLANG_CXX_LIBRARY = "libc++";
				CLANG_ENABLE_MODULES = YES;
				CLANG_ENABLE_OBJC_ARC = YES;
				CLANG_ENABLE_OBJC_WEAK = YES;
				CLANG_WARN_BLOCK_CAPTURE_AUTORELEASING = YES;
				CLANG_WARN_BOOL_CONVERSION = YES;
				CLANG_WARN_COMMA = YES;
				CLANG_WARN_CONSTANT_CONVERSION = YES;
				CLANG_WARN_DEPRECATED_OBJC_IMPLEMENTATIONS = YES;
				CLANG_WARN_DIRECT_OBJC_ISA_USAGE = YES_ERROR;
				CLANG_WARN_DOCUMENTATION_COMMENTS = YES;
				CLANG_WARN_EMPTY_BODY = YES;
				CLANG_WARN_ENUM_CONVERSION = YES;
				CLANG_WARN_INFINITE_RECURSION = YES;
				CLANG_WARN_INT_CONVERSION = YES;
				CLANG_WARN_NON_LITERAL_NULL_CONVERSION = YES;
				CLANG_WARN_OBJC_IMPLICIT_RETAIN_SELF = YES;
				CLANG_WARN_OBJC_LITERAL_CONVERSION = YES;
				CLANG_WARN_OBJC_ROOT_CLASS = YES_ERROR;
				CLANG_WARN_RANGE_LOOP_ANALYSIS = YES;
				CLANG_WARN_STRICT_PROTOTYPES = YES;
				CLANG_WARN_SUSPICIOUS_MOVE = YES;
				CLANG_WARN_UNGUARDED_AVAILABILITY = YES_AGGRESSIVE;
				CLANG_WARN_UNREACHABLE_CODE = YES;
				CLANG_WARN__DUPLICATE_METHOD_MATCH = YES;
				COPY_PHASE_STRIP = NO;
				DEBUG_INFORMATION_FORMAT = "dwarf-with-dsym";
				ENABLE_NS_ASSERTIONS = NO;
				ENABLE_STRICT_OBJC_MSGSEND = YES;
				GCC_C_LANGUAGE_STANDARD = gnu11;
				GCC_NO_COMMON_BLOCKS = YES;
				GCC_WARN_64_TO_32_BIT_CONVERSION = YES;
				GCC_WARN_ABOUT_RETURN_TYPE = YES_ERROR;
				GCC_WARN_UNDECLARED_SELECTOR = YES;
				GCC_WARN_UNINITIALIZED_AUTOS = YES_AGGRESSIVE;
				GCC_WARN_UNUSED_FUNCTION = YES;
				GCC_WARN_UNUSED_VARIABLE = YES;
				IPHONEOS_DEPLOYMENT_TARGET = 13.6;
				MTL_ENABLE_DEBUG_INFO = NO;
				MTL_FAST_MATH = YES;
				SDKROOT = iphoneos;
				SWIFT_COMPILATION_MODE = wholemodule;
				SWIFT_OPTIMIZATION_LEVEL = "-O";
				VALIDATE_PRODUCT = YES;
			};
			name = Release;
		};
		DA89354524D1475800762945 /* Debug */ = {
			isa = XCBuildConfiguration;
			buildSettings = {
				ASSETCATALOG_COMPILER_APPICON_NAME = AppIcon;
				CODE_SIGN_STYLE = Automatic;
				INFOPLIST_FILE = UibezierPath/Info.plist;
				LD_RUNPATH_SEARCH_PATHS = (
					"$(inherited)",
					"@executable_path/Frameworks",
				);
				PRODUCT_BUNDLE_IDENTIFIER = hovo.malxasyan.UibezierPath;
				PRODUCT_NAME = "$(TARGET_NAME)";
				SWIFT_VERSION = 5.0;
				TARGETED_DEVICE_FAMILY = "1,2";
			};
			name = Debug;
		};
		DA89354624D1475800762945 /* Release */ = {
			isa = XCBuildConfiguration;
			buildSettings = {
				ASSETCATALOG_COMPILER_APPICON_NAME = AppIcon;
				CODE_SIGN_STYLE = Automatic;
				INFOPLIST_FILE = UibezierPath/Info.plist;
				LD_RUNPATH_SEARCH_PATHS = (
					"$(inherited)",
					"@executable_path/Frameworks",
				);
				PRODUCT_BUNDLE_IDENTIFIER = hovo.malxasyan.UibezierPath;
				PRODUCT_NAME = "$(TARGET_NAME)";
				SWIFT_VERSION = 5.0;
				TARGETED_DEVICE_FAMILY = "1,2";
			};
			name = Release;
		};
/* End XCBuildConfiguration section */

/* Begin XCConfigurationList section */
		DA89352824D1475600762945 /* Build configuration list for PBXProject "UibezierPath" */ = {
			isa = XCConfigurationList;
			buildConfigurations = (
				DA89354224D1475800762945 /* Debug */,
				DA89354324D1475800762945 /* Release */,
			);
			defaultConfigurationIsVisible = 0;
			defaultConfigurationName = Release;
		};
		DA89354424D1475800762945 /* Build configuration list for PBXNativeTarget "UibezierPath" */ = {
			isa = XCConfigurationList;
			buildConfigurations = (
				DA89354524D1475800762945 /* Debug */,
				DA89354624D1475800762945 /* Release */,
			);
			defaultConfigurationIsVisible = 0;
			defaultConfigurationName = Release;
		};
/* End XCConfigurationList section */

/* Begin XCVersionGroup section */
		DA89353924D1475600762945 /* UibezierPath.xcdatamodeld */ = {
			isa = XCVersionGroup;
			children = (
				DA89353A24D1475600762945 /* UibezierPath.xcdatamodel */,
			);
			currentVersion = DA89353A24D1475600762945 /* UibezierPath.xcdatamodel */;
			path = UibezierPath.xcdatamodeld;
			sourceTree = "<group>";
			versionGroupType = wrapper.xcdatamodel;
		};
/* End XCVersionGroup section */
	};
	rootObject = DA89352524D1475600762945 /* Project object */;
}
